
Microsoft Visual Studio Solution File, Format Version 12.00
# Visual Studio Version 16
VisualStudioVersion = 16.0.31702.278
MinimumVisualStudioVersion = 10.0.40219.1
Project("{FAE04EC0-301F-11D3-BF4B-00C04F79EFBC}") = "UI", "UI\UI.csproj", "{22EF1041-3008-426E-9FCC-F01295F8DC22}"
EndProject
Project("{FAE04EC0-301F-11D3-BF4B-00C04F79EFBC}") = "BLL", "BLL\BLL.csproj", "{CACB0C2B-EE19-44B3-B796-44C4EA608A44}"
EndProject
Project("{FAE04EC0-301F-11D3-BF4B-00C04F79EFBC}") = "DAL", "DAL\DAL.csproj", "{A1EE2BA3-753F-49DE-B442-77BF555F7E5B}"
EndProject
Project("{FAE04EC0-301F-11D3-BF4B-00C04F79EFBC}") = "MPP", "MPP\MPP.csproj", "{94360A93-342A-471E-88F8-6331B2125318}"
EndProject
Project("{FAE04EC0-301F-11D3-BF4B-00C04F79EFBC}") = "EE", "EE\EE.csproj", "{B9A7C0DE-27BD-4025-8BE5-36B2034B6082}"
EndProject
Global
	GlobalSection(SolutionConfigurationPlatforms) = preSolution
		Debug|Any CPU = Debug|Any CPU
		Release|Any CPU = Release|Any CPU
	EndGlobalSection
	GlobalSection(ProjectConfigurationPlatforms) = postSolution
		{22EF1041-3008-426E-9FCC-F01295F8DC22}.Debug|Any CPU.ActiveCfg = Debug|Any CPU
		{22EF1041-3008-426E-9FCC-F01295F8DC22}.Debug|Any CPU.Build.0 = Debug|Any CPU
		{22EF1041-3008-426E-9FCC-F01295F8DC22}.Release|Any CPU.ActiveCfg = Release|Any CPU
		{22EF1041-3008-426E-9FCC-F01295F8DC22}.Release|Any CPU.Build.0 = Release|Any CPU
		{CACB0C2B-EE19-44B3-B796-44C4EA608A44}.Debug|Any CPU.ActiveCfg = Debug|Any CPU
		{CACB0C2B-EE19-44B3-B796-44C4EA608A44}.Debug|Any CPU.Build.0 = Debug|Any CPU
		{CACB0C2B-EE19-44B3-B796-44C4EA608A44}.Release|Any CPU.ActiveCfg = Release|Any CPU
		{CACB0C2B-EE19-44B3-B796-44C4EA608A44}.Release|Any CPU.Build.0 = Release|Any CPU
		{A1EE2BA3-753F-49DE-B442-77BF555F7E5B}.Debug|Any CPU.ActiveCfg = Debug|Any CPU
		{A1EE2BA3-753F-49DE-B442-77BF555F7E5B}.Debug|Any CPU.Build.0 = Debug|Any CPU
		{A1EE2BA3-753F-49DE-B442-77BF555F7E5B}.Release|Any CPU.ActiveCfg = Release|Any CPU
		{A1EE2BA3-753F-49DE-B442-77BF555F7E5B}.Release|Any CPU.Build.0 = Release|Any CPU
		{94360A93-342A-471E-88F8-6331B2125318}.Debug|Any CPU.ActiveCfg = Debug|Any CPU
		{94360A93-342A-471E-88F8-6331B2125318}.Debug|Any CPU.Build.0 = Debug|Any CPU
		{94360A93-342A-471E-88F8-6331B2125318}.Release|Any CPU.ActiveCfg = Release|Any CPU
		{94360A93-342A-471E-88F8-6331B2125318}.Release|Any CPU.Build.0 = Release|Any CPU
		{B9A7C0DE-27BD-4025-8BE5-36B2034B6082}.Debug|Any CPU.ActiveCfg = Debug|Any CPU
		{B9A7C0DE-27BD-4025-8BE5-36B2034B6082}.Debug|Any CPU.Build.0 = Debug|Any CPU
		{B9A7C0DE-27BD-4025-8BE5-36B2034B6082}.Release|Any CPU.ActiveCfg = Release|Any CPU
		{B9A7C0DE-27BD-4025-8BE5-36B2034B6082}.Release|Any CPU.Build.0 = Release|Any CPU
	EndGlobalSection
	GlobalSection(SolutionProperties) = preSolution
		HideSolutionNode = FALSE
	EndGlobalSection
	GlobalSection(ExtensibilityGlobals) = postSolution
		SolutionGuid = {FCDEECFF-17F0-4A7E-8A34-694E256310B5}
	EndGlobalSection
EndGlobal
